
Microsoft Visual Studio Solution File, Format Version 12.00
# Visual Studio Version 17
VisualStudioVersion = 17.3.32819.101
MinimumVisualStudioVersion = 10.0.40219.1
Project("{8BC9CEB8-8B4A-11D0-8D11-00A0C91BC942}") = "Graphics project", "Graphics project.vcxproj", "{70A97077-014F-4BE8-92BC-56AE4493CB23}"
EndProject
Global
	GlobalSection(SolutionConfigurationPlatforms) = preSolution
		Debug|x64 = Debug|x64
		Debug|x86 = Debug|x86
		Release|x64 = Release|x64
		Release|x86 = Release|x86
	EndGlobalSection
	GlobalSection(ProjectConfigurationPlatforms) = postSolution
		{70A97077-014F-4BE8-92BC-56AE4493CB23}.Debug|x64.ActiveCfg = Debug|x64
		{70A97077-014F-4BE8-92BC-56AE4493CB23}.Debug|x64.Build.0 = Debug|x64
		{70A97077-014F-4BE8-92BC-56AE4493CB23}.Debug|x86.ActiveCfg = Debug|Win32
		{70A97077-014F-4BE8-92BC-56AE4493CB23}.Debug|x86.Build.0 = Debug|Win32
		{70A97077-014F-4BE8-92BC-56AE4493CB23}.Release|x64.ActiveCfg = Release|x64
		{70A97077-014F-4BE8-92BC-56AE4493CB23}.Release|x64.Build.0 = Release|x64
		{70A97077-014F-4BE8-92BC-56AE4493CB23}.Release|x86.ActiveCfg = Release|Win32
		{70A97077-014F-4BE8-92BC-56AE4493CB23}.Release|x86.Build.0 = Release|Win32
	EndGlobalSection
	GlobalSection(SolutionProperties) = preSolution
		HideSolutionNode = FALSE
	EndGlobalSection
	GlobalSection(ExtensibilityGlobals) = postSolution
		SolutionGuid = {CACA7BE2-0AEC-4EC9-A1B9-CD3E73DF69F2}
	EndGlobalSection
EndGlobal
